
Microsoft Visual Studio Solution File, Format Version 12.00
# Visual Studio Version 17
VisualStudioVersion = 17.14.36705.20 d17.14
MinimumVisualStudioVersion = 10.0.40219.1
Project("{FAE04EC0-301F-11D3-BF4B-00C04F79EFBC}") = "TicketsAPI", "TicketsAPI\TicketsAPI.csproj", "{1D1217FF-035F-4CAA-851E-7A12EB78E213}"
EndProject
Global
	GlobalSection(SolutionConfigurationPlatforms) = preSolution
		Debug|Any CPU = Debug|Any CPU
		Release|Any CPU = Release|Any CPU
	EndGlobalSection
	GlobalSection(ProjectConfigurationPlatforms) = postSolution
		{1D1217FF-035F-4CAA-851E-7A12EB78E213}.Debug|Any CPU.ActiveCfg = Debug|Any CPU
		{1D1217FF-035F-4CAA-851E-7A12EB78E213}.Debug|Any CPU.Build.0 = Debug|Any CPU
		{1D1217FF-035F-4CAA-851E-7A12EB78E213}.Release|Any CPU.ActiveCfg = Release|Any CPU
		{1D1217FF-035F-4CAA-851E-7A12EB78E213}.Release|Any CPU.Build.0 = Release|Any CPU
	EndGlobalSection
	GlobalSection(SolutionProperties) = preSolution
		HideSolutionNode = FALSE
	EndGlobalSection
	GlobalSection(ExtensibilityGlobals) = postSolution
		SolutionGuid = {BC742C27-4D4D-4AFC-B39C-66614BBDA417}
	EndGlobalSection
EndGlobal
